{
  "name": "remove-node_modules",
  "version": "1.0.0",
  "lockfileVersion": 1,
  "requires": true,
  "dependencies": {
    "io-spin": {
      "version": "0.4.1",
      "resolved": "https://registry.npm.taobao.org/io-spin/download/io-spin-0.4.1.tgz",
      "integrity": "sha1-A4wNL7WJNbaNlj4B2R0HBGvbvy4="
    }
  }
}
